
Microsoft Visual Studio Solution File, Format Version 12.00
# Visual Studio 14
VisualStudioVersion = 14.0.25420.1
MinimumVisualStudioVersion = 10.0.40219.1
Project("{FAE04EC0-301F-11D3-BF4B-00C04F79EFBC}") = "TestCodeEditor", "TestCodeEditor\TestCodeEditor.csproj", "{EBD6BC76-F9FD-4400-AA3A-13C4655ECA43}"
EndProject
Project("{FAE04EC0-301F-11D3-BF4B-00C04F79EFBC}") = "FirstechCodeEditor", "FirstechCodeEditor\FirstechCodeEditor.csproj", "{CEBA117D-ABA5-4C3E-A2A6-648CF3984CEE}"
EndProject
Project("{FAE04EC0-301F-11D3-BF4B-00C04F79EFBC}") = "TestClangSharp", "TestClangSharp\TestClangSharp.csproj", "{50016061-5D0A-491B-AA97-37E1843B95AA}"
EndProject
Global
	GlobalSection(SolutionConfigurationPlatforms) = preSolution
		Debug|Any CPU = Debug|Any CPU
		Debug|x64 = Debug|x64
		Debug|x86 = Debug|x86
		Release|Any CPU = Release|Any CPU
		Release|x64 = Release|x64
		Release|x86 = Release|x86
	EndGlobalSection
	GlobalSection(ProjectConfigurationPlatforms) = postSolution
		{EBD6BC76-F9FD-4400-AA3A-13C4655ECA43}.Debug|Any CPU.ActiveCfg = Debug|Any CPU
		{EBD6BC76-F9FD-4400-AA3A-13C4655ECA43}.Debug|Any CPU.Build.0 = Debug|Any CPU
		{EBD6BC76-F9FD-4400-AA3A-13C4655ECA43}.Debug|x64.ActiveCfg = Debug|x64
		{EBD6BC76-F9FD-4400-AA3A-13C4655ECA43}.Debug|x64.Build.0 = Debug|x64
		{EBD6BC76-F9FD-4400-AA3A-13C4655ECA43}.Debug|x86.ActiveCfg = Debug|x86
		{EBD6BC76-F9FD-4400-AA3A-13C4655ECA43}.Debug|x86.Build.0 = Debug|x86
		{EBD6BC76-F9FD-4400-AA3A-13C4655ECA43}.Release|Any CPU.ActiveCfg = Release|Any CPU
		{EBD6BC76-F9FD-4400-AA3A-13C4655ECA43}.Release|Any CPU.Build.0 = Release|Any CPU
		{EBD6BC76-F9FD-4400-AA3A-13C4655ECA43}.Release|x64.ActiveCfg = Release|x64
		{EBD6BC76-F9FD-4400-AA3A-13C4655ECA43}.Release|x64.Build.0 = Release|x64
		{EBD6BC76-F9FD-4400-AA3A-13C4655ECA43}.Release|x86.ActiveCfg = Release|x86
		{EBD6BC76-F9FD-4400-AA3A-13C4655ECA43}.Release|x86.Build.0 = Release|x86
		{CEBA117D-ABA5-4C3E-A2A6-648CF3984CEE}.Debug|Any CPU.ActiveCfg = Debug|Any CPU
		{CEBA117D-ABA5-4C3E-A2A6-648CF3984CEE}.Debug|Any CPU.Build.0 = Debug|Any CPU
		{CEBA117D-ABA5-4C3E-A2A6-648CF3984CEE}.Debug|x64.ActiveCfg = Debug|x64
		{CEBA117D-ABA5-4C3E-A2A6-648CF3984CEE}.Debug|x64.Build.0 = Debug|x64
		{CEBA117D-ABA5-4C3E-A2A6-648CF3984CEE}.Debug|x86.ActiveCfg = Debug|x86
		{CEBA117D-ABA5-4C3E-A2A6-648CF3984CEE}.Debug|x86.Build.0 = Debug|x86
		{CEBA117D-ABA5-4C3E-A2A6-648CF3984CEE}.Release|Any CPU.ActiveCfg = Release|Any CPU
		{CEBA117D-ABA5-4C3E-A2A6-648CF3984CEE}.Release|Any CPU.Build.0 = Release|Any CPU
		{CEBA117D-ABA5-4C3E-A2A6-648CF3984CEE}.Release|x64.ActiveCfg = Release|x64
		{CEBA117D-ABA5-4C3E-A2A6-648CF3984CEE}.Release|x64.Build.0 = Release|x64
		{CEBA117D-ABA5-4C3E-A2A6-648CF3984CEE}.Release|x86.ActiveCfg = Release|x86
		{CEBA117D-ABA5-4C3E-A2A6-648CF3984CEE}.Release|x86.Build.0 = Release|x86
		{50016061-5D0A-491B-AA97-37E1843B95AA}.Debug|Any CPU.ActiveCfg = Debug|Any CPU
		{50016061-5D0A-491B-AA97-37E1843B95AA}.Debug|Any CPU.Build.0 = Debug|Any CPU
		{50016061-5D0A-491B-AA97-37E1843B95AA}.Debug|x64.ActiveCfg = Debug|x64
		{50016061-5D0A-491B-AA97-37E1843B95AA}.Debug|x64.Build.0 = Debug|x64
		{50016061-5D0A-491B-AA97-37E1843B95AA}.Debug|x86.ActiveCfg = Debug|x86
		{50016061-5D0A-491B-AA97-37E1843B95AA}.Debug|x86.Build.0 = Debug|x86
		{50016061-5D0A-491B-AA97-37E1843B95AA}.Release|Any CPU.ActiveCfg = Release|Any CPU
		{50016061-5D0A-491B-AA97-37E1843B95AA}.Release|Any CPU.Build.0 = Release|Any CPU
		{50016061-5D0A-491B-AA97-37E1843B95AA}.Release|x64.ActiveCfg = Release|x64
		{50016061-5D0A-491B-AA97-37E1843B95AA}.Release|x64.Build.0 = Release|x64
		{50016061-5D0A-491B-AA97-37E1843B95AA}.Release|x86.ActiveCfg = Release|x86
		{50016061-5D0A-491B-AA97-37E1843B95AA}.Release|x86.Build.0 = Release|x86
	EndGlobalSection
	GlobalSection(SolutionProperties) = preSolution
		HideSolutionNode = FALSE
	EndGlobalSection
EndGlobal
