
Microsoft Visual Studio Solution File, Format Version 12.00
# Visual Studio 14
VisualStudioVersion = 14.0.25420.1
MinimumVisualStudioVersion = 10.0.40219.1
Project("{FAE04EC0-301F-11D3-BF4B-00C04F79EFBC}") = "TestCodeEditor", "TestCodeEditor\TestCodeEditor.csproj", "{EBD6BC76-F9FD-4400-AA3A-13C4655ECA43}"
EndProject
Project("{FAE04EC0-301F-11D3-BF4B-00C04F79EFBC}") = "FirstechCodeEditor", "FirstechCodeEditor\FirstechCodeEditor.csproj", "{CEBA117D-ABA5-4C3E-A2A6-648CF3984CEE}"
EndProject
Global
	GlobalSection(SolutionConfigurationPlatforms) = preSolution
		Debug|Any CPU = Debug|Any CPU
		Release|Any CPU = Release|Any CPU
	EndGlobalSection
	GlobalSection(ProjectConfigurationPlatforms) = postSolution
		{EBD6BC76-F9FD-4400-AA3A-13C4655ECA43}.Debug|Any CPU.ActiveCfg = Debug|Any CPU
		{EBD6BC76-F9FD-4400-AA3A-13C4655ECA43}.Debug|Any CPU.Build.0 = Debug|Any CPU
		{EBD6BC76-F9FD-4400-AA3A-13C4655ECA43}.Release|Any CPU.ActiveCfg = Release|Any CPU
		{EBD6BC76-F9FD-4400-AA3A-13C4655ECA43}.Release|Any CPU.Build.0 = Release|Any CPU
		{CEBA117D-ABA5-4C3E-A2A6-648CF3984CEE}.Debug|Any CPU.ActiveCfg = Debug|Any CPU
		{CEBA117D-ABA5-4C3E-A2A6-648CF3984CEE}.Debug|Any CPU.Build.0 = Debug|Any CPU
		{CEBA117D-ABA5-4C3E-A2A6-648CF3984CEE}.Release|Any CPU.ActiveCfg = Release|Any CPU
		{CEBA117D-ABA5-4C3E-A2A6-648CF3984CEE}.Release|Any CPU.Build.0 = Release|Any CPU
	EndGlobalSection
	GlobalSection(SolutionProperties) = preSolution
		HideSolutionNode = FALSE
	EndGlobalSection
EndGlobal
